
Microsoft Visual Studio Solution File, Format Version 12.00
# Visual Studio Version 16
VisualStudioVersion = 16.0.31025.194
MinimumVisualStudioVersion = 10.0.40219.1
Project("{FAE04EC0-301F-11D3-BF4B-00C04F79EFBC}") = "Project", "Project.csproj", "{8CFA4EDD-A07A-4E91-96A5-F6A64D1122A1}"
EndProject
Global
	GlobalSection(SolutionConfigurationPlatforms) = preSolution
		Debug|Any CPU = Debug|Any CPU
		Release|Any CPU = Release|Any CPU
	EndGlobalSection
	GlobalSection(ProjectConfigurationPlatforms) = postSolution
		{8CFA4EDD-A07A-4E91-96A5-F6A64D1122A1}.Debug|Any CPU.ActiveCfg = Debug|Any CPU
		{8CFA4EDD-A07A-4E91-96A5-F6A64D1122A1}.Debug|Any CPU.Build.0 = Debug|Any CPU
		{8CFA4EDD-A07A-4E91-96A5-F6A64D1122A1}.Release|Any CPU.ActiveCfg = Release|Any CPU
		{8CFA4EDD-A07A-4E91-96A5-F6A64D1122A1}.Release|Any CPU.Build.0 = Release|Any CPU
	EndGlobalSection
	GlobalSection(SolutionProperties) = preSolution
		HideSolutionNode = FALSE
	EndGlobalSection
	GlobalSection(ExtensibilityGlobals) = postSolution
		SolutionGuid = {4E46CE77-21A1-4020-A3EA-648939E8FB61}
	EndGlobalSection
EndGlobal
